// !$*UTF8*$!
{
	archiveVersion = 1;
	classes = {
	};
	objectVersion = 56;
	objects = {

/* Begin PBXBuildFile section */
		583576562CE45BCE000F7F7A /* AppDelegate.swift in Sources */ = {isa = PBXBuildFile; fileRef = 583576552CE45BCE000F7F7A /* AppDelegate.swift */; };
		583576582CE45BCE000F7F7A /* SceneDelegate.swift in Sources */ = {isa = PBXBuildFile; fileRef = 583576572CE45BCE000F7F7A /* SceneDelegate.swift */; };
		5835765A2CE45BCE000F7F7A /* WeatherViewController.swift in Sources */ = {isa = PBXBuildFile; fileRef = 583576592CE45BCE000F7F7A /* WeatherViewController.swift */; };
		5835765F2CE45BD1000F7F7A /* Assets.xcassets in Resources */ = {isa = PBXBuildFile; fileRef = 5835765E2CE45BD1000F7F7A /* Assets.xcassets */; };
		583576622CE45BD1000F7F7A /* Base in Resources */ = {isa = PBXBuildFile; fileRef = 583576612CE45BD1000F7F7A /* Base */; };
		5835766D2CE45BD2000F7F7A /* WeatherAPITests.swift in Sources */ = {isa = PBXBuildFile; fileRef = 5835766C2CE45BD2000F7F7A /* WeatherAPITests.swift */; };
		583576772CE45BD2000F7F7A /* WeatherAppTests.swift in Sources */ = {isa = PBXBuildFile; fileRef = 583576762CE45BD2000F7F7A /* WeatherAppTests.swift */; };
		583576792CE45BD2000F7F7A /* WeatherAppUITestsLaunchTests.swift in Sources */ = {isa = PBXBuildFile; fileRef = 583576782CE45BD2000F7F7A /* WeatherAppUITestsLaunchTests.swift */; };
		583576862CE5572E000F7F7A /* API.swift in Sources */ = {isa = PBXBuildFile; fileRef = 583576852CE5572E000F7F7A /* API.swift */; };
		583576882CE5576D000F7F7A /* WeatherAPIManager.swift in Sources */ = {isa = PBXBuildFile; fileRef = 583576872CE5576D000F7F7A /* WeatherAPIManager.swift */; };
		5835768B2CE55B90000F7F7A /* WeatherAPI.swift in Sources */ = {isa = PBXBuildFile; fileRef = 5835768A2CE55B90000F7F7A /* WeatherAPI.swift */; };
		5835768E2CE55CF4000F7F7A /* WeatherResponse.swift in Sources */ = {isa = PBXBuildFile; fileRef = 5835768D2CE55CF4000F7F7A /* WeatherResponse.swift */; };
		583576902CE56D02000F7F7A /* UIConfigurator.swift in Sources */ = {isa = PBXBuildFile; fileRef = 5835768F2CE56D02000F7F7A /* UIConfigurator.swift */; };
		583576932CE6FFC2000F7F7A /* RxCocoa in Frameworks */ = {isa = PBXBuildFile; productRef = 583576922CE6FFC2000F7F7A /* RxCocoa */; };
		583576952CE6FFC2000F7F7A /* RxRelay in Frameworks */ = {isa = PBXBuildFile; productRef = 583576942CE6FFC2000F7F7A /* RxRelay */; };
		583576982CE702BB000F7F7A /* UISearchController+Rx.swift in Sources */ = {isa = PBXBuildFile; fileRef = 583576972CE702BB000F7F7A /* UISearchController+Rx.swift */; };
		5835769B2CE7270D000F7F7A /* SearchUseCase.swift in Sources */ = {isa = PBXBuildFile; fileRef = 5835769A2CE7270D000F7F7A /* SearchUseCase.swift */; };
		5835769E2CE72A27000F7F7A /* WeatherViewModel.swift in Sources */ = {isa = PBXBuildFile; fileRef = 5835769D2CE72A27000F7F7A /* WeatherViewModel.swift */; };
		583576A02CE740E3000F7F7A /* UIAlertController+Settings.swift in Sources */ = {isa = PBXBuildFile; fileRef = 5835769F2CE740E3000F7F7A /* UIAlertController+Settings.swift */; };
		583576A22CE7498A000F7F7A /* MapView+Location.swift in Sources */ = {isa = PBXBuildFile; fileRef = 583576A12CE7498A000F7F7A /* MapView+Location.swift */; };
		583576A42CE74E0C000F7F7A /* TempertureViewController.swift in Sources */ = {isa = PBXBuildFile; fileRef = 583576A32CE74E0C000F7F7A /* TempertureViewController.swift */; };
		583576A62CE74F23000F7F7A /* TempertureView.swift in Sources */ = {isa = PBXBuildFile; fileRef = 583576A52CE74F23000F7F7A /* TempertureView.swift */; };
		583576A82CE75236000F7F7A /* Weather+Stub.swift in Sources */ = {isa = PBXBuildFile; fileRef = 583576A72CE75236000F7F7A /* Weather+Stub.swift */; };
		583576AA2CE77430000F7F7A /* VisualEffectView.swift in Sources */ = {isa = PBXBuildFile; fileRef = 583576A92CE77430000F7F7A /* VisualEffectView.swift */; };
		583576AE2CE7749C000F7F7A /* WeatherInfoResponse.swift in Sources */ = {isa = PBXBuildFile; fileRef = 583576AD2CE7749C000F7F7A /* WeatherInfoResponse.swift */; };
		583576B02CE774B3000F7F7A /* MainResponse.swift in Sources */ = {isa = PBXBuildFile; fileRef = 583576AF2CE774B3000F7F7A /* MainResponse.swift */; };
		588199F82CE7782700CA0DF1 /* Weather.swift in Sources */ = {isa = PBXBuildFile; fileRef = 588199F72CE7782700CA0DF1 /* Weather.swift */; };
		588199FB2CE77A0500CA0DF1 /* Errors.swift in Sources */ = {isa = PBXBuildFile; fileRef = 588199FA2CE77A0500CA0DF1 /* Errors.swift */; };
		588199FF2CE77B4200CA0DF1 /* City.swift in Sources */ = {isa = PBXBuildFile; fileRef = 588199FE2CE77B4200CA0DF1 /* City.swift */; };
		58819A012CE77BBD00CA0DF1 /* CoordinatesResponse.swift in Sources */ = {isa = PBXBuildFile; fileRef = 58819A002CE77BBD00CA0DF1 /* CoordinatesResponse.swift */; };
		58819A032CE78F7300CA0DF1 /* KelvinTempertureConverter.swift in Sources */ = {isa = PBXBuildFile; fileRef = 58819A022CE78F7300CA0DF1 /* KelvinTempertureConverter.swift */; };
		58819A052CE78F8600CA0DF1 /* Temperture.swift in Sources */ = {isa = PBXBuildFile; fileRef = 58819A042CE78F8600CA0DF1 /* Temperture.swift */; };
		58819A072CE793C700CA0DF1 /* WeatherFactory.swift in Sources */ = {isa = PBXBuildFile; fileRef = 58819A062CE793C700CA0DF1 /* WeatherFactory.swift */; };
		58BEFCCB2CF4F4C800561108 /* SearchForecastUseCase.swift in Sources */ = {isa = PBXBuildFile; fileRef = 58BEFCCA2CF4F4C800561108 /* SearchForecastUseCase.swift */; };
/* End PBXBuildFile section */

/* Begin PBXContainerItemProxy section */
		583576692CE45BD2000F7F7A /* PBXContainerItemProxy */ = {
			isa = PBXContainerItemProxy;
			containerPortal = 5835764A2CE45BCE000F7F7A /* Project object */;
			proxyType = 1;
			remoteGlobalIDString = 583576512CE45BCE000F7F7A;
			remoteInfo = WeatherAPI;
		};
		583576732CE45BD2000F7F7A /* PBXContainerItemProxy */ = {
			isa = PBXContainerItemProxy;
			containerPortal = 5835764A2CE45BCE000F7F7A /* Project object */;
			proxyType = 1;
			remoteGlobalIDString = 583576512CE45BCE000F7F7A;
			remoteInfo = WeatherAPI;
		};
/* End PBXContainerItemProxy section */

/* Begin PBXFileReference section */
		583576522CE45BCE000F7F7A /* WeatherApp.app */ = {isa = PBXFileReference; explicitFileType = wrapper.application; includeInIndex = 0; path = WeatherApp.app; sourceTree = BUILT_PRODUCTS_DIR; };
		583576552CE45BCE000F7F7A /* AppDelegate.swift */ = {isa = PBXFileReference; lastKnownFileType = sourcecode.swift; path = AppDelegate.swift; sourceTree = "<group>"; };
		583576572CE45BCE000F7F7A /* SceneDelegate.swift */ = {isa = PBXFileReference; lastKnownFileType = sourcecode.swift; path = SceneDelegate.swift; sourceTree = "<group>"; };
		583576592CE45BCE000F7F7A /* WeatherViewController.swift */ = {isa = PBXFileReference; lastKnownFileType = sourcecode.swift; path = WeatherViewController.swift; sourceTree = "<group>"; };
		5835765E2CE45BD1000F7F7A /* Assets.xcassets */ = {isa = PBXFileReference; lastKnownFileType = folder.assetcatalog; path = Assets.xcassets; sourceTree = "<group>"; };
		583576612CE45BD1000F7F7A /* Base */ = {isa = PBXFileReference; lastKnownFileType = file.storyboard; name = Base; path = Base.lproj/LaunchScreen.storyboard; sourceTree = "<group>"; };
		583576632CE45BD1000F7F7A /* Info.plist */ = {isa = PBXFileReference; lastKnownFileType = text.plist.xml; path = Info.plist; sourceTree = "<group>"; };
		583576682CE45BD2000F7F7A /* WeatherAppTests.xctest */ = {isa = PBXFileReference; explicitFileType = wrapper.cfbundle; includeInIndex = 0; path = WeatherAppTests.xctest; sourceTree = BUILT_PRODUCTS_DIR; };
		5835766C2CE45BD2000F7F7A /* WeatherAPITests.swift */ = {isa = PBXFileReference; lastKnownFileType = sourcecode.swift; path = WeatherAPITests.swift; sourceTree = "<group>"; };
		583576722CE45BD2000F7F7A /* WeatherAppUITests.xctest */ = {isa = PBXFileReference; explicitFileType = wrapper.cfbundle; includeInIndex = 0; path = WeatherAppUITests.xctest; sourceTree = BUILT_PRODUCTS_DIR; };
		583576762CE45BD2000F7F7A /* WeatherAppTests.swift */ = {isa = PBXFileReference; lastKnownFileType = sourcecode.swift; path = WeatherAppTests.swift; sourceTree = "<group>"; };
		583576782CE45BD2000F7F7A /* WeatherAppUITestsLaunchTests.swift */ = {isa = PBXFileReference; lastKnownFileType = sourcecode.swift; path = WeatherAppUITestsLaunchTests.swift; sourceTree = "<group>"; };
		583576852CE5572E000F7F7A /* API.swift */ = {isa = PBXFileReference; lastKnownFileType = sourcecode.swift; path = API.swift; sourceTree = "<group>"; };
		583576872CE5576D000F7F7A /* WeatherAPIManager.swift */ = {isa = PBXFileReference; lastKnownFileType = sourcecode.swift; path = WeatherAPIManager.swift; sourceTree = "<group>"; };
		5835768A2CE55B90000F7F7A /* WeatherAPI.swift */ = {isa = PBXFileReference; lastKnownFileType = sourcecode.swift; path = WeatherAPI.swift; sourceTree = "<group>"; };
		5835768D2CE55CF4000F7F7A /* WeatherResponse.swift */ = {isa = PBXFileReference; lastKnownFileType = sourcecode.swift; path = WeatherResponse.swift; sourceTree = "<group>"; };
		5835768F2CE56D02000F7F7A /* UIConfigurator.swift */ = {isa = PBXFileReference; lastKnownFileType = sourcecode.swift; path = UIConfigurator.swift; sourceTree = "<group>"; };
		583576972CE702BB000F7F7A /* UISearchController+Rx.swift */ = {isa = PBXFileReference; lastKnownFileType = sourcecode.swift; path = "UISearchController+Rx.swift"; sourceTree = "<group>"; };
		5835769A2CE7270D000F7F7A /* SearchUseCase.swift */ = {isa = PBXFileReference; lastKnownFileType = sourcecode.swift; path = SearchUseCase.swift; sourceTree = "<group>"; };
		5835769D2CE72A27000F7F7A /* WeatherViewModel.swift */ = {isa = PBXFileReference; lastKnownFileType = sourcecode.swift; path = WeatherViewModel.swift; sourceTree = "<group>"; };
		5835769F2CE740E3000F7F7A /* UIAlertController+Settings.swift */ = {isa = PBXFileReference; lastKnownFileType = sourcecode.swift; path = "UIAlertController+Settings.swift"; sourceTree = "<group>"; };
		583576A12CE7498A000F7F7A /* MapView+Location.swift */ = {isa = PBXFileReference; lastKnownFileType = sourcecode.swift; path = "MapView+Location.swift"; sourceTree = "<group>"; };
		583576A32CE74E0C000F7F7A /* TempertureViewController.swift */ = {isa = PBXFileReference; lastKnownFileType = sourcecode.swift; path = TempertureViewController.swift; sourceTree = "<group>"; };
		583576A52CE74F23000F7F7A /* TempertureView.swift */ = {isa = PBXFileReference; lastKnownFileType = sourcecode.swift; path = TempertureView.swift; sourceTree = "<group>"; };
		583576A72CE75236000F7F7A /* Weather+Stub.swift */ = {isa = PBXFileReference; lastKnownFileType = sourcecode.swift; path = "Weather+Stub.swift"; sourceTree = "<group>"; };
		583576A92CE77430000F7F7A /* VisualEffectView.swift */ = {isa = PBXFileReference; lastKnownFileType = sourcecode.swift; path = VisualEffectView.swift; sourceTree = "<group>"; };
		583576AD2CE7749C000F7F7A /* WeatherInfoResponse.swift */ = {isa = PBXFileReference; lastKnownFileType = sourcecode.swift; path = WeatherInfoResponse.swift; sourceTree = "<group>"; };
		583576AF2CE774B3000F7F7A /* MainResponse.swift */ = {isa = PBXFileReference; lastKnownFileType = sourcecode.swift; path = MainResponse.swift; sourceTree = "<group>"; };
		588199F72CE7782700CA0DF1 /* Weather.swift */ = {isa = PBXFileReference; lastKnownFileType = sourcecode.swift; path = Weather.swift; sourceTree = "<group>"; };
		588199FA2CE77A0500CA0DF1 /* Errors.swift */ = {isa = PBXFileReference; lastKnownFileType = sourcecode.swift; path = Errors.swift; sourceTree = "<group>"; };
		588199FE2CE77B4200CA0DF1 /* City.swift */ = {isa = PBXFileReference; lastKnownFileType = sourcecode.swift; path = City.swift; sourceTree = "<group>"; };
		58819A002CE77BBD00CA0DF1 /* CoordinatesResponse.swift */ = {isa = PBXFileReference; lastKnownFileType = sourcecode.swift; path = CoordinatesResponse.swift; sourceTree = "<group>"; };
		58819A022CE78F7300CA0DF1 /* KelvinTempertureConverter.swift */ = {isa = PBXFileReference; lastKnownFileType = sourcecode.swift; path = KelvinTempertureConverter.swift; sourceTree = "<group>"; };
		58819A042CE78F8600CA0DF1 /* Temperture.swift */ = {isa = PBXFileReference; lastKnownFileType = sourcecode.swift; path = Temperture.swift; sourceTree = "<group>"; };
		58819A062CE793C700CA0DF1 /* WeatherFactory.swift */ = {isa = PBXFileReference; lastKnownFileType = sourcecode.swift; path = WeatherFactory.swift; sourceTree = "<group>"; };
		58BEFCCA2CF4F4C800561108 /* SearchForecastUseCase.swift */ = {isa = PBXFileReference; lastKnownFileType = sourcecode.swift; path = SearchForecastUseCase.swift; sourceTree = "<group>"; };
/* End PBXFileReference section */

/* Begin PBXFrameworksBuildPhase section */
		5835764F2CE45BCE000F7F7A /* Frameworks */ = {
			isa = PBXFrameworksBuildPhase;
			buildActionMask = 2147483647;
			files = (
				583576952CE6FFC2000F7F7A /* RxRelay in Frameworks */,
				583576932CE6FFC2000F7F7A /* RxCocoa in Frameworks */,
			);
			runOnlyForDeploymentPostprocessing = 0;
		};
		583576652CE45BD2000F7F7A /* Frameworks */ = {
			isa = PBXFrameworksBuildPhase;
			buildActionMask = 2147483647;
			files = (
			);
			runOnlyForDeploymentPostprocessing = 0;
		};
		5835766F2CE45BD2000F7F7A /* Frameworks */ = {
			isa = PBXFrameworksBuildPhase;
			buildActionMask = 2147483647;
			files = (
			);
			runOnlyForDeploymentPostprocessing = 0;
		};
/* End PBXFrameworksBuildPhase section */

/* Begin PBXGroup section */
		583576492CE45BCE000F7F7A = {
			isa = PBXGroup;
			children = (
				583576542CE45BCE000F7F7A /* WeatherApp */,
				5835766B2CE45BD2000F7F7A /* WeatherAppTests */,
				583576752CE45BD2000F7F7A /* WeatherAppUITests */,
				583576532CE45BCE000F7F7A /* Products */,
			);
			sourceTree = "<group>";
		};
		583576532CE45BCE000F7F7A /* Products */ = {
			isa = PBXGroup;
			children = (
				583576522CE45BCE000F7F7A /* WeatherApp.app */,
				583576682CE45BD2000F7F7A /* WeatherAppTests.xctest */,
				583576722CE45BD2000F7F7A /* WeatherAppUITests.xctest */,
			);
			name = Products;
			sourceTree = "<group>";
		};
		583576542CE45BCE000F7F7A /* WeatherApp */ = {
			isa = PBXGroup;
			children = (
				588199FC2CE77A3200CA0DF1 /* Components */,
				583576962CE7029C000F7F7A /* Extensions */,
				583576892CE557AD000F7F7A /* Networking */,
				588199F92CE7782C00CA0DF1 /* Entity */,
				5835768C2CE55CE3000F7F7A /* Data */,
				588199FD2CE77A4700CA0DF1 /* Use Cases */,
				5835769C2CE72A18000F7F7A /* View */,
				583576552CE45BCE000F7F7A /* AppDelegate.swift */,
				583576572CE45BCE000F7F7A /* SceneDelegate.swift */,
				5835765E2CE45BD1000F7F7A /* Assets.xcassets */,
				583576602CE45BD1000F7F7A /* LaunchScreen.storyboard */,
				583576632CE45BD1000F7F7A /* Info.plist */,
			);
			path = WeatherApp;
			sourceTree = "<group>";
		};
		5835766B2CE45BD2000F7F7A /* WeatherAppTests */ = {
			isa = PBXGroup;
			children = (
				5835766C2CE45BD2000F7F7A /* WeatherAPITests.swift */,
			);
			path = WeatherAppTests;
			sourceTree = "<group>";
		};
		583576752CE45BD2000F7F7A /* WeatherAppUITests */ = {
			isa = PBXGroup;
			children = (
				583576762CE45BD2000F7F7A /* WeatherAppTests.swift */,
				583576782CE45BD2000F7F7A /* WeatherAppUITestsLaunchTests.swift */,
			);
			path = WeatherAppUITests;
			sourceTree = "<group>";
		};
		583576892CE557AD000F7F7A /* Networking */ = {
			isa = PBXGroup;
			children = (
				588199FA2CE77A0500CA0DF1 /* Errors.swift */,
				583576852CE5572E000F7F7A /* API.swift */,
				583576872CE5576D000F7F7A /* WeatherAPIManager.swift */,
				5835768A2CE55B90000F7F7A /* WeatherAPI.swift */,
			);
			path = Networking;
			sourceTree = "<group>";
		};
		5835768C2CE55CE3000F7F7A /* Data */ = {
			isa = PBXGroup;
			children = (
				5835768D2CE55CF4000F7F7A /* WeatherResponse.swift */,
				583576A72CE75236000F7F7A /* Weather+Stub.swift */,
				583576AD2CE7749C000F7F7A /* WeatherInfoResponse.swift */,
				583576AF2CE774B3000F7F7A /* MainResponse.swift */,
				58819A002CE77BBD00CA0DF1 /* CoordinatesResponse.swift */,
			);
			path = Data;
			sourceTree = "<group>";
		};
		583576962CE7029C000F7F7A /* Extensions */ = {
			isa = PBXGroup;
			children = (
				583576972CE702BB000F7F7A /* UISearchController+Rx.swift */,
				5835769F2CE740E3000F7F7A /* UIAlertController+Settings.swift */,
				583576A12CE7498A000F7F7A /* MapView+Location.swift */,
			);
			path = Extensions;
			sourceTree = "<group>";
		};
		5835769C2CE72A18000F7F7A /* View */ = {
			isa = PBXGroup;
			children = (
				5835769D2CE72A27000F7F7A /* WeatherViewModel.swift */,
				583576592CE45BCE000F7F7A /* WeatherViewController.swift */,
				583576A32CE74E0C000F7F7A /* TempertureViewController.swift */,
				583576A52CE74F23000F7F7A /* TempertureView.swift */,
			);
			path = View;
			sourceTree = "<group>";
		};
		588199F92CE7782C00CA0DF1 /* Entity */ = {
			isa = PBXGroup;
			children = (
				588199F72CE7782700CA0DF1 /* Weather.swift */,
				588199FE2CE77B4200CA0DF1 /* City.swift */,
				58819A042CE78F8600CA0DF1 /* Temperture.swift */,
			);
			path = Entity;
			sourceTree = "<group>";
		};
		588199FC2CE77A3200CA0DF1 /* Components */ = {
			isa = PBXGroup;
			children = (
				5835768F2CE56D02000F7F7A /* UIConfigurator.swift */,
				583576A92CE77430000F7F7A /* VisualEffectView.swift */,
				58819A022CE78F7300CA0DF1 /* KelvinTempertureConverter.swift */,
				58819A062CE793C700CA0DF1 /* WeatherFactory.swift */,
			);
			path = Components;
			sourceTree = "<group>";
		};
		588199FD2CE77A4700CA0DF1 /* Use Cases */ = {
			isa = PBXGroup;
			children = (
				5835769A2CE7270D000F7F7A /* SearchUseCase.swift */,
				58BEFCCA2CF4F4C800561108 /* SearchForecastUseCase.swift */,
			);
			path = "Use Cases";
			sourceTree = "<group>";
		};
/* End PBXGroup section */

/* Begin PBXNativeTarget section */
		583576512CE45BCE000F7F7A /* WeatherApp */ = {
			isa = PBXNativeTarget;
			buildConfigurationList = 5835767C2CE45BD2000F7F7A /* Build configuration list for PBXNativeTarget "WeatherApp" */;
			buildPhases = (
				5835764E2CE45BCE000F7F7A /* Sources */,
				5835764F2CE45BCE000F7F7A /* Frameworks */,
				583576502CE45BCE000F7F7A /* Resources */,
			);
			buildRules = (
			);
			dependencies = (
			);
			name = WeatherApp;
			packageProductDependencies = (
				583576922CE6FFC2000F7F7A /* RxCocoa */,
				583576942CE6FFC2000F7F7A /* RxRelay */,
			);
			productName = WeatherAPI;
			productReference = 583576522CE45BCE000F7F7A /* WeatherApp.app */;
			productType = "com.apple.product-type.application";
		};
		583576672CE45BD2000F7F7A /* WeatherAppTests */ = {
			isa = PBXNativeTarget;
			buildConfigurationList = 5835767F2CE45BD2000F7F7A /* Build configuration list for PBXNativeTarget "WeatherAppTests" */;
			buildPhases = (
				583576642CE45BD2000F7F7A /* Sources */,
				583576652CE45BD2000F7F7A /* Frameworks */,
				583576662CE45BD2000F7F7A /* Resources */,
			);
			buildRules = (
			);
			dependencies = (
				5835766A2CE45BD2000F7F7A /* PBXTargetDependency */,
			);
			name = WeatherAppTests;
			productName = WeatherAPITests;
			productReference = 583576682CE45BD2000F7F7A /* WeatherAppTests.xctest */;
			productType = "com.apple.product-type.bundle.unit-test";
		};
		583576712CE45BD2000F7F7A /* WeatherAppUITests */ = {
			isa = PBXNativeTarget;
			buildConfigurationList = 583576822CE45BD2000F7F7A /* Build configuration list for PBXNativeTarget "WeatherAppUITests" */;
			buildPhases = (
				5835766E2CE45BD2000F7F7A /* Sources */,
				5835766F2CE45BD2000F7F7A /* Frameworks */,
				583576702CE45BD2000F7F7A /* Resources */,
			);
			buildRules = (
			);
			dependencies = (
				583576742CE45BD2000F7F7A /* PBXTargetDependency */,
			);
			name = WeatherAppUITests;
			productName = WeatherAPIUITests;
			productReference = 583576722CE45BD2000F7F7A /* WeatherAppUITests.xctest */;
			productType = "com.apple.product-type.bundle.ui-testing";
		};
/* End PBXNativeTarget section */

/* Begin PBXProject section */
		5835764A2CE45BCE000F7F7A /* Project object */ = {
			isa = PBXProject;
			attributes = {
				BuildIndependentTargetsInParallel = 1;
				LastSwiftUpdateCheck = 1530;
				LastUpgradeCheck = 1530;
				TargetAttributes = {
					583576512CE45BCE000F7F7A = {
						CreatedOnToolsVersion = 15.3;
					};
					583576672CE45BD2000F7F7A = {
						CreatedOnToolsVersion = 15.3;
						TestTargetID = 583576512CE45BCE000F7F7A;
					};
					583576712CE45BD2000F7F7A = {
						CreatedOnToolsVersion = 15.3;
						TestTargetID = 583576512CE45BCE000F7F7A;
					};
				};
			};
			buildConfigurationList = 5835764D2CE45BCE000F7F7A /* Build configuration list for PBXProject "WeatherApp" */;
			compatibilityVersion = "Xcode 14.0";
			developmentRegion = en;
			hasScannedForEncodings = 0;
			knownRegions = (
				en,
				Base,
			);
			mainGroup = 583576492CE45BCE000F7F7A;
			packageReferences = (
				583576912CE6FFC2000F7F7A /* XCRemoteSwiftPackageReference "RxSwift" */,
			);
			productRefGroup = 583576532CE45BCE000F7F7A /* Products */;
			projectDirPath = "";
			projectRoot = "";
			targets = (
				583576512CE45BCE000F7F7A /* WeatherApp */,
				583576672CE45BD2000F7F7A /* WeatherAppTests */,
				583576712CE45BD2000F7F7A /* WeatherAppUITests */,
			);
		};
/* End PBXProject section */

/* Begin PBXResourcesBuildPhase section */
		583576502CE45BCE000F7F7A /* Resources */ = {
			isa = PBXResourcesBuildPhase;
			buildActionMask = 2147483647;
			files = (
				5835765F2CE45BD1000F7F7A /* Assets.xcassets in Resources */,
				583576622CE45BD1000F7F7A /* Base in Resources */,
			);
			runOnlyForDeploymentPostprocessing = 0;
		};
		583576662CE45BD2000F7F7A /* Resources */ = {
			isa = PBXResourcesBuildPhase;
			buildActionMask = 2147483647;
			files = (
			);
			runOnlyForDeploymentPostprocessing = 0;
		};
		583576702CE45BD2000F7F7A /* Resources */ = {
			isa = PBXResourcesBuildPhase;
			buildActionMask = 2147483647;
			files = (
			);
			runOnlyForDeploymentPostprocessing = 0;
		};
/* End PBXResourcesBuildPhase section */

/* Begin PBXSourcesBuildPhase section */
		5835764E2CE45BCE000F7F7A /* Sources */ = {
			isa = PBXSourcesBuildPhase;
			buildActionMask = 2147483647;
			files = (
				583576902CE56D02000F7F7A /* UIConfigurator.swift in Sources */,
				583576A42CE74E0C000F7F7A /* TempertureViewController.swift in Sources */,
				583576A82CE75236000F7F7A /* Weather+Stub.swift in Sources */,
				5835768B2CE55B90000F7F7A /* WeatherAPI.swift in Sources */,
				588199F82CE7782700CA0DF1 /* Weather.swift in Sources */,
				58819A072CE793C700CA0DF1 /* WeatherFactory.swift in Sources */,
				5835765A2CE45BCE000F7F7A /* WeatherViewController.swift in Sources */,
				583576A22CE7498A000F7F7A /* MapView+Location.swift in Sources */,
				5835769E2CE72A27000F7F7A /* WeatherViewModel.swift in Sources */,
				58819A032CE78F7300CA0DF1 /* KelvinTempertureConverter.swift in Sources */,
				5835768E2CE55CF4000F7F7A /* WeatherResponse.swift in Sources */,
				58BEFCCB2CF4F4C800561108 /* SearchForecastUseCase.swift in Sources */,
				583576562CE45BCE000F7F7A /* AppDelegate.swift in Sources */,
				58819A012CE77BBD00CA0DF1 /* CoordinatesResponse.swift in Sources */,
				583576A02CE740E3000F7F7A /* UIAlertController+Settings.swift in Sources */,
				583576B02CE774B3000F7F7A /* MainResponse.swift in Sources */,
				5835769B2CE7270D000F7F7A /* SearchUseCase.swift in Sources */,
				58819A052CE78F8600CA0DF1 /* Temperture.swift in Sources */,
				588199FB2CE77A0500CA0DF1 /* Errors.swift in Sources */,
				583576AA2CE77430000F7F7A /* VisualEffectView.swift in Sources */,
				583576582CE45BCE000F7F7A /* SceneDelegate.swift in Sources */,
				583576A62CE74F23000F7F7A /* TempertureView.swift in Sources */,
				583576982CE702BB000F7F7A /* UISearchController+Rx.swift in Sources */,
				588199FF2CE77B4200CA0DF1 /* City.swift in Sources */,
				583576AE2CE7749C000F7F7A /* WeatherInfoResponse.swift in Sources */,
				583576862CE5572E000F7F7A /* API.swift in Sources */,
				583576882CE5576D000F7F7A /* WeatherAPIManager.swift in Sources */,
			);
			runOnlyForDeploymentPostprocessing = 0;
		};
		583576642CE45BD2000F7F7A /* Sources */ = {
			isa = PBXSourcesBuildPhase;
			buildActionMask = 2147483647;
			files = (
				5835766D2CE45BD2000F7F7A /* WeatherAPITests.swift in Sources */,
			);
			runOnlyForDeploymentPostprocessing = 0;
		};
		5835766E2CE45BD2000F7F7A /* Sources */ = {
			isa = PBXSourcesBuildPhase;
			buildActionMask = 2147483647;
			files = (
				583576792CE45BD2000F7F7A /* WeatherAppUITestsLaunchTests.swift in Sources */,
				583576772CE45BD2000F7F7A /* WeatherAppTests.swift in Sources */,
			);
			runOnlyForDeploymentPostprocessing = 0;
		};
/* End PBXSourcesBuildPhase section */

/* Begin PBXTargetDependency section */
		5835766A2CE45BD2000F7F7A /* PBXTargetDependency */ = {
			isa = PBXTargetDependency;
			target = 583576512CE45BCE000F7F7A /* WeatherApp */;
			targetProxy = 583576692CE45BD2000F7F7A /* PBXContainerItemProxy */;
		};
		583576742CE45BD2000F7F7A /* PBXTargetDependency */ = {
			isa = PBXTargetDependency;
			target = 583576512CE45BCE000F7F7A /* WeatherApp */;
			targetProxy = 583576732CE45BD2000F7F7A /* PBXContainerItemProxy */;
		};
/* End PBXTargetDependency section */

/* Begin PBXVariantGroup section */
		583576602CE45BD1000F7F7A /* LaunchScreen.storyboard */ = {
			isa = PBXVariantGroup;
			children = (
				583576612CE45BD1000F7F7A /* Base */,
			);
			name = LaunchScreen.storyboard;
			sourceTree = "<group>";
		};
/* End PBXVariantGroup section */

/* Begin XCBuildConfiguration section */
		5835767A2CE45BD2000F7F7A /* Debug */ = {
			isa = XCBuildConfiguration;
			buildSettings = {
				ALWAYS_SEARCH_USER_PATHS = NO;
				ASSETCATALOG_COMPILER_GENERATE_SWIFT_ASSET_SYMBOL_EXTENSIONS = YES;
				CLANG_ANALYZER_NONNULL = YES;
				CLANG_ANALYZER_NUMBER_OBJECT_CONVERSION = YES_AGGRESSIVE;
				CLANG_CXX_LANGUAGE_STANDARD = "gnu++20";
				CLANG_ENABLE_MODULES = YES;
				CLANG_ENABLE_OBJC_ARC = YES;
				CLANG_ENABLE_OBJC_WEAK = YES;
				CLANG_WARN_BLOCK_CAPTURE_AUTORELEASING = YES;
				CLANG_WARN_BOOL_CONVERSION = YES;
				CLANG_WARN_COMMA = YES;
				CLANG_WARN_CONSTANT_CONVERSION = YES;
				CLANG_WARN_DEPRECATED_OBJC_IMPLEMENTATIONS = YES;
				CLANG_WARN_DIRECT_OBJC_ISA_USAGE = YES_ERROR;
				CLANG_WARN_DOCUMENTATION_COMMENTS = YES;
				CLANG_WARN_EMPTY_BODY = YES;
				CLANG_WARN_ENUM_CONVERSION = YES;
				CLANG_WARN_INFINITE_RECURSION = YES;
				CLANG_WARN_INT_CONVERSION = YES;
				CLANG_WARN_NON_LITERAL_NULL_CONVERSION = YES;
				CLANG_WARN_OBJC_IMPLICIT_RETAIN_SELF = YES;
				CLANG_WARN_OBJC_LITERAL_CONVERSION = YES;
				CLANG_WARN_OBJC_ROOT_CLASS = YES_ERROR;
				CLANG_WARN_QUOTED_INCLUDE_IN_FRAMEWORK_HEADER = YES;
				CLANG_WARN_RANGE_LOOP_ANALYSIS = YES;
				CLANG_WARN_STRICT_PROTOTYPES = YES;
				CLANG_WARN_SUSPICIOUS_MOVE = YES;
				CLANG_WARN_UNGUARDED_AVAILABILITY = YES_AGGRESSIVE;
				CLANG_WARN_UNREACHABLE_CODE = YES;
				CLANG_WARN__DUPLICATE_METHOD_MATCH = YES;
				COPY_PHASE_STRIP = NO;
				DEBUG_INFORMATION_FORMAT = dwarf;
				ENABLE_STRICT_OBJC_MSGSEND = YES;
				ENABLE_TESTABILITY = YES;
				ENABLE_USER_SCRIPT_SANDBOXING = YES;
				GCC_C_LANGUAGE_STANDARD = gnu17;
				GCC_DYNAMIC_NO_PIC = NO;
				GCC_NO_COMMON_BLOCKS = YES;
				GCC_OPTIMIZATION_LEVEL = 0;
				GCC_PREPROCESSOR_DEFINITIONS = (
					"DEBUG=1",
					"$(inherited)",
				);
				GCC_WARN_64_TO_32_BIT_CONVERSION = YES;
				GCC_WARN_ABOUT_RETURN_TYPE = YES_ERROR;
				GCC_WARN_UNDECLARED_SELECTOR = YES;
				GCC_WARN_UNINITIALIZED_AUTOS = YES_AGGRESSIVE;
				GCC_WARN_UNUSED_FUNCTION = YES;
				GCC_WARN_UNUSED_VARIABLE = YES;
				IPHONEOS_DEPLOYMENT_TARGET = 17.4;
				LOCALIZATION_PREFERS_STRING_CATALOGS = YES;
				MTL_ENABLE_DEBUG_INFO = INCLUDE_SOURCE;
				MTL_FAST_MATH = YES;
				ONLY_ACTIVE_ARCH = YES;
				SDKROOT = iphoneos;
				SWIFT_ACTIVE_COMPILATION_CONDITIONS = "DEBUG $(inherited)";
				SWIFT_OPTIMIZATION_LEVEL = "-Onone";
			};
			name = Debug;
		};
		5835767B2CE45BD2000F7F7A /* Release */ = {
			isa = XCBuildConfiguration;
			buildSettings = {
				ALWAYS_SEARCH_USER_PATHS = NO;
				ASSETCATALOG_COMPILER_GENERATE_SWIFT_ASSET_SYMBOL_EXTENSIONS = YES;
				CLANG_ANALYZER_NONNULL = YES;
				CLANG_ANALYZER_NUMBER_OBJECT_CONVERSION = YES_AGGRESSIVE;
				CLANG_CXX_LANGUAGE_STANDARD = "gnu++20";
				CLANG_ENABLE_MODULES = YES;
				CLANG_ENABLE_OBJC_ARC = YES;
				CLANG_ENABLE_OBJC_WEAK = YES;
				CLANG_WARN_BLOCK_CAPTURE_AUTORELEASING = YES;
				CLANG_WARN_BOOL_CONVERSION = YES;
				CLANG_WARN_COMMA = YES;
				CLANG_WARN_CONSTANT_CONVERSION = YES;
				CLANG_WARN_DEPRECATED_OBJC_IMPLEMENTATIONS = YES;
				CLANG_WARN_DIRECT_OBJC_ISA_USAGE = YES_ERROR;
				CLANG_WARN_DOCUMENTATION_COMMENTS = YES;
				CLANG_WARN_EMPTY_BODY = YES;
				CLANG_WARN_ENUM_CONVERSION = YES;
				CLANG_WARN_INFINITE_RECURSION = YES;
				CLANG_WARN_INT_CONVERSION = YES;
				CLANG_WARN_NON_LITERAL_NULL_CONVERSION = YES;
				CLANG_WARN_OBJC_IMPLICIT_RETAIN_SELF = YES;
				CLANG_WARN_OBJC_LITERAL_CONVERSION = YES;
				CLANG_WARN_OBJC_ROOT_CLASS = YES_ERROR;
				CLANG_WARN_QUOTED_INCLUDE_IN_FRAMEWORK_HEADER = YES;
				CLANG_WARN_RANGE_LOOP_ANALYSIS = YES;
				CLANG_WARN_STRICT_PROTOTYPES = YES;
				CLANG_WARN_SUSPICIOUS_MOVE = YES;
				CLANG_WARN_UNGUARDED_AVAILABILITY = YES_AGGRESSIVE;
				CLANG_WARN_UNREACHABLE_CODE = YES;
				CLANG_WARN__DUPLICATE_METHOD_MATCH = YES;
				COPY_PHASE_STRIP = NO;
				DEBUG_INFORMATION_FORMAT = "dwarf-with-dsym";
				ENABLE_NS_ASSERTIONS = NO;
				ENABLE_STRICT_OBJC_MSGSEND = YES;
				ENABLE_USER_SCRIPT_SANDBOXING = YES;
				GCC_C_LANGUAGE_STANDARD = gnu17;
				GCC_NO_COMMON_BLOCKS = YES;
				GCC_WARN_64_TO_32_BIT_CONVERSION = YES;
				GCC_WARN_ABOUT_RETURN_TYPE = YES_ERROR;
				GCC_WARN_UNDECLARED_SELECTOR = YES;
				GCC_WARN_UNINITIALIZED_AUTOS = YES_AGGRESSIVE;
				GCC_WARN_UNUSED_FUNCTION = YES;
				GCC_WARN_UNUSED_VARIABLE = YES;
				IPHONEOS_DEPLOYMENT_TARGET = 17.4;
				LOCALIZATION_PREFERS_STRING_CATALOGS = YES;
				MTL_ENABLE_DEBUG_INFO = NO;
				MTL_FAST_MATH = YES;
				SDKROOT = iphoneos;
				SWIFT_COMPILATION_MODE = wholemodule;
				VALIDATE_PRODUCT = YES;
			};
			name = Release;
		};
		5835767D2CE45BD2000F7F7A /* Debug */ = {
			isa = XCBuildConfiguration;
			buildSettings = {
				ASSETCATALOG_COMPILER_APPICON_NAME = AppIcon;
				ASSETCATALOG_COMPILER_GLOBAL_ACCENT_COLOR_NAME = AccentColor;
				CODE_SIGN_STYLE = Automatic;
				CURRENT_PROJECT_VERSION = 1;
				GENERATE_INFOPLIST_FILE = YES;
				INFOPLIST_FILE = WeatherApp/Info.plist;
				INFOPLIST_KEY_UIApplicationSupportsIndirectInputEvents = YES;
				INFOPLIST_KEY_UILaunchStoryboardName = LaunchScreen;
				INFOPLIST_KEY_UISupportedInterfaceOrientations_iPad = "UIInterfaceOrientationPortrait UIInterfaceOrientationPortraitUpsideDown UIInterfaceOrientationLandscapeLeft UIInterfaceOrientationLandscapeRight";
				INFOPLIST_KEY_UISupportedInterfaceOrientations_iPhone = "UIInterfaceOrientationPortrait UIInterfaceOrientationLandscapeLeft UIInterfaceOrientationLandscapeRight";
				LD_RUNPATH_SEARCH_PATHS = (
					"$(inherited)",
					"@executable_path/Frameworks",
				);
				MARKETING_VERSION = 1.0;
				PRODUCT_BUNDLE_IDENTIFIER = sone.WeatherApp;
				PRODUCT_NAME = "$(TARGET_NAME)";
				SWIFT_EMIT_LOC_STRINGS = YES;
				SWIFT_VERSION = 5.0;
				TARGETED_DEVICE_FAMILY = "1,2";
			};
			name = Debug;
		};
		5835767E2CE45BD2000F7F7A /* Release */ = {
			isa = XCBuildConfiguration;
			buildSettings = {
				ASSETCATALOG_COMPILER_APPICON_NAME = AppIcon;
				ASSETCATALOG_COMPILER_GLOBAL_ACCENT_COLOR_NAME = AccentColor;
				CODE_SIGN_STYLE = Automatic;
				CURRENT_PROJECT_VERSION = 1;
				GENERATE_INFOPLIST_FILE = YES;
				INFOPLIST_FILE = WeatherApp/Info.plist;
				INFOPLIST_KEY_UIApplicationSupportsIndirectInputEvents = YES;
				INFOPLIST_KEY_UILaunchStoryboardName = LaunchScreen;
				INFOPLIST_KEY_UISupportedInterfaceOrientations_iPad = "UIInterfaceOrientationPortrait UIInterfaceOrientationPortraitUpsideDown UIInterfaceOrientationLandscapeLeft UIInterfaceOrientationLandscapeRight";
				INFOPLIST_KEY_UISupportedInterfaceOrientations_iPhone = "UIInterfaceOrientationPortrait UIInterfaceOrientationLandscapeLeft UIInterfaceOrientationLandscapeRight";
				LD_RUNPATH_SEARCH_PATHS = (
					"$(inherited)",
					"@executable_path/Frameworks",
				);
				MARKETING_VERSION = 1.0;
				PRODUCT_BUNDLE_IDENTIFIER = sone.WeatherApp;
				PRODUCT_NAME = "$(TARGET_NAME)";
				SWIFT_EMIT_LOC_STRINGS = YES;
				SWIFT_VERSION = 5.0;
				TARGETED_DEVICE_FAMILY = "1,2";
			};
			name = Release;
		};
		583576802CE45BD2000F7F7A /* Debug */ = {
			isa = XCBuildConfiguration;
			buildSettings = {
				ALWAYS_EMBED_SWIFT_STANDARD_LIBRARIES = YES;
				BUNDLE_LOADER = "$(TEST_HOST)";
				CODE_SIGN_STYLE = Automatic;
				CURRENT_PROJECT_VERSION = 1;
				GENERATE_INFOPLIST_FILE = YES;
				IPHONEOS_DEPLOYMENT_TARGET = 17.4;
				MARKETING_VERSION = 1.0;
				PRODUCT_BUNDLE_IDENTIFIER = sone.WeatherAppTests;
				PRODUCT_NAME = "$(TARGET_NAME)";
				SWIFT_EMIT_LOC_STRINGS = NO;
				SWIFT_VERSION = 5.0;
				TARGETED_DEVICE_FAMILY = "1,2";
				TEST_HOST = "$(BUILT_PRODUCTS_DIR)/WeatherAPI.app/$(BUNDLE_EXECUTABLE_FOLDER_PATH)/WeatherAPI";
			};
			name = Debug;
		};
		583576812CE45BD2000F7F7A /* Release */ = {
			isa = XCBuildConfiguration;
			buildSettings = {
				ALWAYS_EMBED_SWIFT_STANDARD_LIBRARIES = YES;
				BUNDLE_LOADER = "$(TEST_HOST)";
				CODE_SIGN_STYLE = Automatic;
				CURRENT_PROJECT_VERSION = 1;
				GENERATE_INFOPLIST_FILE = YES;
				IPHONEOS_DEPLOYMENT_TARGET = 17.4;
				MARKETING_VERSION = 1.0;
				PRODUCT_BUNDLE_IDENTIFIER = sone.WeatherAppTests;
				PRODUCT_NAME = "$(TARGET_NAME)";
				SWIFT_EMIT_LOC_STRINGS = NO;
				SWIFT_VERSION = 5.0;
				TARGETED_DEVICE_FAMILY = "1,2";
				TEST_HOST = "$(BUILT_PRODUCTS_DIR)/WeatherAPI.app/$(BUNDLE_EXECUTABLE_FOLDER_PATH)/WeatherAPI";
			};
			name = Release;
		};
		583576832CE45BD2000F7F7A /* Debug */ = {
			isa = XCBuildConfiguration;
			buildSettings = {
				ALWAYS_EMBED_SWIFT_STANDARD_LIBRARIES = YES;
				CODE_SIGN_STYLE = Automatic;
				CURRENT_PROJECT_VERSION = 1;
				GENERATE_INFOPLIST_FILE = YES;
				MARKETING_VERSION = 1.0;
				PRODUCT_BUNDLE_IDENTIFIER = sone.WeatherAppUITests;
				PRODUCT_NAME = "$(TARGET_NAME)";
				SWIFT_EMIT_LOC_STRINGS = NO;
				SWIFT_VERSION = 5.0;
				TARGETED_DEVICE_FAMILY = "1,2";
				TEST_TARGET_NAME = WeatherApp;
			};
			name = Debug;
		};
		583576842CE45BD2000F7F7A /* Release */ = {
			isa = XCBuildConfiguration;
			buildSettings = {
				ALWAYS_EMBED_SWIFT_STANDARD_LIBRARIES = YES;
				CODE_SIGN_STYLE = Automatic;
				CURRENT_PROJECT_VERSION = 1;
				GENERATE_INFOPLIST_FILE = YES;
				MARKETING_VERSION = 1.0;
				PRODUCT_BUNDLE_IDENTIFIER = sone.WeatherAppUITests;
				PRODUCT_NAME = "$(TARGET_NAME)";
				SWIFT_EMIT_LOC_STRINGS = NO;
				SWIFT_VERSION = 5.0;
				TARGETED_DEVICE_FAMILY = "1,2";
				TEST_TARGET_NAME = WeatherApp;
			};
			name = Release;
		};
/* End XCBuildConfiguration section */

/* Begin XCConfigurationList section */
		5835764D2CE45BCE000F7F7A /* Build configuration list for PBXProject "WeatherApp" */ = {
			isa = XCConfigurationList;
			buildConfigurations = (
				5835767A2CE45BD2000F7F7A /* Debug */,
				5835767B2CE45BD2000F7F7A /* Release */,
			);
			defaultConfigurationIsVisible = 0;
			defaultConfigurationName = Release;
		};
		5835767C2CE45BD2000F7F7A /* Build configuration list for PBXNativeTarget "WeatherApp" */ = {
			isa = XCConfigurationList;
			buildConfigurations = (
				5835767D2CE45BD2000F7F7A /* Debug */,
				5835767E2CE45BD2000F7F7A /* Release */,
			);
			defaultConfigurationIsVisible = 0;
			defaultConfigurationName = Release;
		};
		5835767F2CE45BD2000F7F7A /* Build configuration list for PBXNativeTarget "WeatherAppTests" */ = {
			isa = XCConfigurationList;
			buildConfigurations = (
				583576802CE45BD2000F7F7A /* Debug */,
				583576812CE45BD2000F7F7A /* Release */,
			);
			defaultConfigurationIsVisible = 0;
			defaultConfigurationName = Release;
		};
		583576822CE45BD2000F7F7A /* Build configuration list for PBXNativeTarget "WeatherAppUITests" */ = {
			isa = XCConfigurationList;
			buildConfigurations = (
				583576832CE45BD2000F7F7A /* Debug */,
				583576842CE45BD2000F7F7A /* Release */,
			);
			defaultConfigurationIsVisible = 0;
			defaultConfigurationName = Release;
		};
/* End XCConfigurationList section */

/* Begin XCRemoteSwiftPackageReference section */
		583576912CE6FFC2000F7F7A /* XCRemoteSwiftPackageReference "RxSwift" */ = {
			isa = XCRemoteSwiftPackageReference;
			repositoryURL = "https://github.com/ReactiveX/RxSwift.git";
			requirement = {
				kind = upToNextMajorVersion;
				minimumVersion = 6.8.0;
			};
		};
/* End XCRemoteSwiftPackageReference section */

/* Begin XCSwiftPackageProductDependency section */
		583576922CE6FFC2000F7F7A /* RxCocoa */ = {
			isa = XCSwiftPackageProductDependency;
			package = 583576912CE6FFC2000F7F7A /* XCRemoteSwiftPackageReference "RxSwift" */;
			productName = RxCocoa;
		};
		583576942CE6FFC2000F7F7A /* RxRelay */ = {
			isa = XCSwiftPackageProductDependency;
			package = 583576912CE6FFC2000F7F7A /* XCRemoteSwiftPackageReference "RxSwift" */;
			productName = RxRelay;
		};
/* End XCSwiftPackageProductDependency section */
	};
	rootObject = 5835764A2CE45BCE000F7F7A /* Project object */;
}
